Microsoft Visual Studio Solution File, Format Version 12.00
# Visual Studio Version 17
VisualStudioVersion = 17.5.2.0
MinimumVisualStudioVersion = 10.0.40219.1
Project("{FAE04EC0-301F-11D3-BF4B-00C04F79EFBC}") = "TypeConverterApp", "TypeConverterApp.csproj", "{A0EFAB2E-613B-726E-638C-BF787CFBCC6A}"
EndProject
Global
	GlobalSection(SolutionConfigurationPlatforms) = preSolution
		Debug|Any CPU = Debug|Any CPU
		Release|Any CPU = Release|Any CPU
	EndGlobalSection
	GlobalSection(ProjectConfigurationPlatforms) = postSolution
		{A0EFAB2E-613B-726E-638C-BF787CFBCC6A}.Debug|Any CPU.ActiveCfg = Debug|Any CPU
		{A0EFAB2E-613B-726E-638C-BF787CFBCC6A}.Debug|Any CPU.Build.0 = Debug|Any CPU
		{A0EFAB2E-613B-726E-638C-BF787CFBCC6A}.Release|Any CPU.ActiveCfg = Release|Any CPU
		{A0EFAB2E-613B-726E-638C-BF787CFBCC6A}.Release|Any CPU.Build.0 = Release|Any CPU
	EndGlobalSection
	GlobalSection(SolutionProperties) = preSolution
		HideSolutionNode = FALSE
	EndGlobalSection
	GlobalSection(ExtensibilityGlobals) = postSolution
		SolutionGuid = {CBD3487E-DE24-4377-A566-8FFAA7FA7E63}
	EndGlobalSection
EndGlobal
